<?xml version="1.0" encoding="UTF-8" standalone="yes"?>
<CodeBlocks_project_file>
<FileVersion major="1" minor="6" />
<Project>
<Option title="AC701N" />
<Option compiler="pi32v2_r3_large_lto_compiler" />
<Build>
<Target title="Release">
<Option output="cpu/br28/tools/sdk.elf" prefix_auto="0" extension_auto="0" />
<Option object_output="obj/Release/" />
<Option type="1" />
<Option compiler="pi32v2_r3_large_lto_compiler" />
<Compiler>
<Add option="-Wuninitialized" />
<Add option="-Wno-invalid-noreturn" />
<Add option="-fno-common" />
<Add option="-integrated-as" />
<Add option="-Oz" />
<Add option="-g" />
<Add option="-flto" />
<Add option="-fallow-pointer-null" />
<Add option="-fprefer-gnu-section" />
<Add option="-Wno-shift-negative-value" />
<Add option="-Wundef" />
<Add option="-Wframe-larger-than=256" />
<Add option="-Wincompatible-pointer-types" />
<Add option="-Wreturn-type" />
<Add option="-Wimplicit-function-declaration" />
<Add option="-mllvm -pi32v2-large-program=true" />
<Add option="-fms-extensions" />
<Add option="-DSUPPORT_MS_EXTENSIONS" />
<Add option="-fdiscrete-bitfield-abi" />
<Add option="-w" />
<Add option="-DCONFIG_RELEASE_ENABLE" />
<Add option="-DCONFIG_CPU_BR28" />
<Add option="-DCONFIG_USB_SUPPORT_MRX_TX" />
<Add option="-DCONFIG_PRINT_IN_MASK" />
<Add option="-DCONFIG_NEW_BREDR_ENABLE" />
<Add option="-DCONFIG_NEW_MODEM_ENABLE" />
<Add option="-DCONFIG_NEW_TWS_FORWARD_ENABLE" />
<Add option="-DCONFIG_UCOS_ENABLE" />
<Add option="-DCONFIG_EQ_SUPPORT_ASYNC" />
<Add option="-DEQ_CORE_V1" />
<Add option="-DCONFIG_AAC_CODEC_FFT_USE_MUTEX" />
<Add option="-DCONFIG_DNS_ENABLE" />
<Add option="-DCONFIG_DMS_MALLOC" />
<Add option="-DCONFIG_MMU_ENABLE" />
<Add option="-DCONFIG_SBC_CODEC_HW" />
<Add option="-DCONFIG_MSBC_CODEC_HW" />
<Add option="-DCONFIG_AEC_M=128" />
<Add option="-DCONFIG_SUPPORT_WIFI_DETECT" />
<Add option="-DCONFIG_AUDIO_ONCHIP" />
<Add option="-DCONFIG_MEDIA_NEW_ENABLE" />
<Add option="-DCONFIG_SUPPORT_EX_TWS_ADJUST" />
<Add option="-D__GCC_PI32V2__" />
<Add option="-DCONFIG_MAC_ADDR_GET_USED_SFC" />
<Add option="-DTCFG_APP_BT_EN=1" />
<Add option="-DEVENT_HANDLER_NUM_CONFIG=2" />
<Add option="-DEVENT_TOUCH_ENABLE_CONFIG=0" />
<Add option="-DEVENT_POOL_SIZE_CONFIG=256" />
<Add option="-DCONFIG_EVENT_KEY_MAP_ENABLE=0" />
<Add option="-DTIMER_POOL_NUM_CONFIG=15" />
<Add option="-DAPP_ASYNC_POOL_NUM_CONFIG=0" />
<Add option="-DUSE_SDFILE_NEW=1" />
<Add option="-DSDFILE_STORAGE=0" />
<Add option="-DVFS_FILE_POOL_NUM_CONFIG=1" />
<Add option="-DFS_VERSION=0x020001" />
<Add option="-DFATFS_VERSION=0x020101" />
<Add option="-DSDFILE_VERSION=0x020000" />
<Add option="-DVFS_ENABLE=0" />
<Add option="-DVM_MAX_PAGE_ALIGN_SIZE_CONFIG=16*1024" />
<Add option="-DVM_MAX_SECTOR_ALIGN_SIZE_CONFIG=16*1024" />
<Add option="-DVM_ITEM_MAX_NUM=256" />
<Add option="-DCONFIG_TWS_ENABLE" />
<Add option="-DCONFIG_EARPHONE_CASE_ENABLE" />
<Add option="-DCONFIG_OS_AFFINITY_ENABLE" />
<Add option="-DCONFIG_NEW_CFG_TOOL_ENABLE" />
<Add option="-DCONFIG_LITE_AEC_ENABLE=0" />
<Add option="-DAUDIO_REC_LITE" />
<Add option="-DAUDIO_DEC_LITE" />
<Add option="-DAUDIO_REC_POOL_NUM=1" />
<Add option="-DAUDIO_DEC_POOL_NUM=3" />
<Add option="-DCONFIG_BTCTRLER_TASK_DEL_ENABLE" />
<Add option="-DCONFIG_LINK_DISTURB_SCAN_ENABLE=0" />
<Add option="-DCONFIG_UPDATA_ENABLE" />
<Add option="-DCONFIG_OTA_UPDATA_ENABLE" />
<Add option="-DCONFIG_ITEM_FORMAT_VM" />
<Add option="-D__LD__" />
<Add directory="include_lib" />
<Add directory="include_lib/driver" />
<Add directory="include_lib/driver/device" />
<Add directory="include_lib/driver/cpu/br28" />
<Add directory="include_lib/system" />
<Add directory="include_lib/system/generic" />
<Add directory="include_lib/system/device" />
<Add directory="include_lib/system/fs" />
<Add directory="include_lib/system/ui" />
<Add directory="include_lib/btctrler" />
<Add directory="include_lib/btctrler/port/br28" />
<Add directory="include_lib/update" />
<Add directory="include_lib/agreement" />
<Add directory="include_lib/btstack/third_party/common" />
<Add directory="include_lib/btstack/third_party/rcsp" />
<Add directory="include_lib/media/media_new" />
<Add directory="include_lib/media/media_new/media" />
<Add directory="include_lib/media/media_new/media/cpu/br28" />
<Add directory="include_lib/media/media_new/media/cpu/br28/asm" />
<Add directory="apps/common" />
<Add directory="apps/earphone/include" />
<Add directory="apps/earphone/include/wireless_mic" />
<Add directory="apps/common/icsd/anc" />
<Add directory="apps/common/power_manage" />
<Add directory="apps/common/device" />
<Add directory="apps/common/device/ntc" />
<Add directory="apps/common/device/imu_sensor" />
<Add directory="apps/common/audio" />
<Add directory="apps/common/music" />
<Add directory="apps/common/include" />
<Add directory="apps/common/config/include" />
<Add directory="apps/common/dev_manager" />
<Add directory="apps/common/third_party_profile/common" />
<Add directory="apps/common/third_party_profile/interface" />
<Add directory="apps/common/third_party_profile/jieli" />
<Add directory="apps/common/third_party_profile/jieli/trans_data_demo" />
<Add directory="apps/common/third_party_profile/jieli/online_db" />
<Add directory="apps/common/third_party_profile/jieli/JL_rcsp" />
<Add directory="apps/common/third_party_profile/jieli/JL_rcsp/adv_app_setting" />
<Add directory="apps/common/third_party_profile/jieli/JL_rcsp/bt_trans_data" />
<Add directory="apps/common/third_party_profile/jieli/JL_rcsp/adv_rcsp_protocol" />
<Add directory="apps/common/third_party_profile/jieli/JL_rcsp/rcsp_updata" />
<Add directory="apps/earphone/board/br28" />
<Add directory="cpu/br28" />
<Add directory="cpu/br28/audio_dec" />
<Add directory="apps/common/third_party_profile/Tecent_LL/include" />
<Add directory="apps/common/third_party_profile/Tecent_LL/tecent_ll_demo" />
<Add directory="apps/common/cJSON" />
<Add directory="include_lib/media" />
<Add directory="apps/common/third_party_profile/tuya_protocol" />
<Add directory="apps/common/third_party_profile/tuya_protocol/app/demo" />
<Add directory="apps/common/third_party_profile/tuya_protocol/app/product_test" />
<Add directory="apps/common/third_party_profile/tuya_protocol/app/uart_common" />
<Add directory="apps/common/third_party_profile/tuya_protocol/extern_components/mbedtls" />
<Add directory="apps/common/third_party_profile/tuya_protocol/port" />
<Add directory="apps/common/third_party_profile/tuya_protocol/sdk/include" />
<Add directory="apps/common/third_party_profile/tuya_protocol/sdk/lib" />
<Add directory="apps/earphone/tuya" />
<Add directory="apps/common/device/usb" />
<Add directory="apps/common/device/usb/device" />
<Add directory="apps/common/device/usb/host" />
<Add directory="apps/earphone/wireless_mic/bt" />
<Add directory="apps/earphone/wireless_mic/idev" />
<Add directory="apps/earphone/wireless_mic/idev/idev_bt" />
<Add directory="apps/earphone/wireless_mic/idev/idev_bt/include" />
<Add directory="apps/earphone/wireless_mic/idev/idev_mic" />
<Add directory="apps/earphone/wireless_mic/odev" />
<Add directory="apps/earphone/wireless_mic/odev/odev_bt" />
<Add directory="apps/earphone/wireless_mic/odev/odev_bt/odev_edr" />
<Add directory="apps/earphone/wireless_mic/odev/odev_bt/odev_ble" />
<Add directory="apps/earphone/wireless_mic/odev/odev_bt/include" />
<Add directory="apps/earphone/wireless_mic/odev/odev_dac" />
<Add directory="apps/earphone/wireless_mic/process" />
<Add directory="apps/earphone/wireless_mic/audio" />
<Add directory="apps/earphone/wireless_mic/audio/wireless" />
<Add directory="apps/common/ezxml" />
<Add directory="cpu/br28/audio_dec/audio_dec_file.h" />
<Add directory="include_lib/system/math/cpu/br28" />
<Add directory="include_lib/media/aispeech/asr/include" />
<Add directory="include_lib/media/aispeech/enc/include" />
<Add directory="cpu/br28/audio_hearing" />
</Compiler>
<Linker>
<Add option="--plugin-opt=-pi32v2-always-use-itblock=false" />
<Add option="--plugin-opt=-enable-ipra=true" />
<Add option="--plugin-opt=-pi32v2-merge-max-offset=4096" />
<Add option="--plugin-opt=-pi32v2-enable-simd=true" />
<Add option="--plugin-opt=mcpu=r3" />
<Add option="--plugin-opt=-global-merge-on-const" />
<Add option="--plugin-opt=-inline-threshold=5" />
<Add option="--plugin-opt=-inline-max-allocated-size=32" />
<Add option="--plugin-opt=-inline-normal-into-special-section=true" />
<Add option="--plugin-opt=-dont-used-symbol-list=malloc,free,sprintf,printf,puts,putchar" />
<Add option="--plugin-opt=save-temps" />
<Add option="--plugin-opt=-pi32v2-enable-rep-memop" />
<Add option="--plugin-opt=-warn-stack-size=256" />
<Add option="--sort-common" />
<Add option="--plugin-opt=-used-symbol-file=cpu/br28/sdk_used_list.used" />
<Add option="--plugin-opt=-pi32v2-large-program=true" />
<Add option="--gc-sections" />
<Add option="--start-group" />
<Add option="cpu/br28/liba/cpu.a" />
<Add option="cpu/br28/liba/system.a" />
<Add option="cpu/br28/liba/btstack.a" />
<Add option="cpu/br28/liba/rcsp_stack.a" />
<Add option="cpu/br28/liba/tme_stack.a" />
<Add option="cpu/br28/liba/btctrler.a" />
<Add option="cpu/br28/liba/aec.a" />
<Add option="cpu/br28/liba/lib_icsd_anc.a" />
<Add option="cpu/br28/liba/media.a" />
<Add option="cpu/br28/liba/libepmotion.a" />
<Add option="cpu/br28/liba/libAptFilt_pi32v2_OnChip.a" />
<Add option="cpu/br28/liba/libEchoSuppress_pi32v2_OnChip.a" />
<Add option="cpu/br28/liba/libNoiseSuppress_pi32v2_OnChip.a" />
<Add option="cpu/br28/liba/libSplittingFilter_pi32v2_OnChip.a" />
<Add option="cpu/br28/liba/libDelayEstimate_pi32v2_OnChip.a" />
<Add option="cpu/br28/liba/libDualMicSystem_pi32v2_OnChip.a" />
<Add option="cpu/br28/liba/libDualMicSystem_flexible_pi32v2_OnChip.a" />
<Add option="cpu/br28/liba/libAdaptiveEchoSuppress_pi32v2_OnChip.a" />
<Add option="cpu/br28/liba/libOpcore_maskrom_pi32v2_OnChip.a" />
<Add option="cpu/br28/liba/lib_esco_repair.a" />
<Add option="cpu/br28/liba/noisegate.a" />
<Add option="cpu/br28/liba/sbc_eng_lib.a" />
<Add option="cpu/br28/liba/mp3_dec_lib.a" />
<Add option="cpu/br28/liba/mp3_decstream_lib.a" />
<Add option="cpu/br28/liba/mp3tsy_dec_lib.a" />
<Add option="cpu/br28/liba/wav_dec_lib.a" />
<Add option="cpu/br28/liba/agreement.a" />
<Add option="cpu/br28/liba/media_app.a" />
<Add option="cpu/br28/liba/lc3_codec_lib.a" />
<Add option="cpu/br28/liba/opus_dec_lib.a" />
<Add option="cpu/br28/liba/speex_enc_lib.a" />
<Add option="cpu/br28/liba/ldac_dec_lib.a" />
<Add option="cpu/br28/liba/opus_enc_lib.a" />
<Add option="cpu/br28/liba/bt_hash_enc.a" />
<Add option="cpu/br28/liba/libjlsp.a" />
<Add option="cpu/br28/liba/libjlsp_kws.a" />
<Add option="cpu/br28/liba/lfaudio_plc_lib.a" />
<Add option="cpu/br28/liba/drc.a" />
<Add option="cpu/br28/liba/crossover_coff_old.a" />
<Add option="cpu/br28/liba/lib_point360_td.a" />
<Add option="cpu/br28/liba/lib_resample_cal.a" />
<Add option="cpu/br28/liba/lib_resample_fast_cal.a" />
<Add option="cpu/br28/liba/SpatialAudio.a" />
<Add option="cpu/br28/liba/SensorCalib.a" />
<Add option="cpu/br28/liba/lib_pitchshifter.a" />
<Add option="cpu/br28/liba/VirtualBass.a" />
<Add option="cpu/br28/liba/lib_sur_cal.a" />
<Add option="cpu/br28/liba/limiter_noiseGate.a" />
<Add option="cpu/br28/liba/howling.a" />
<Add option="cpu/br28/liba/lib_howlings_phf.a" />
<Add option="cpu/br28/liba/libllns.a" />
<Add option="apps/common/third_party_profile/tuya_protocol/sdk/lib/libtuya_lib.a" />
<Add option="cpu/br28/liba/libFFT_pi32v2_OnChip.a" />
<Add option="cpu/br28/liba/wtg_dec_lib.a" />
<Add option="cpu/br28/liba/bfilterfun_lib.a" />
<Add option="cpu/br28/liba/aac_dec_lib.a" />
<Add option="cpu/br28/liba/crypto_toolbox_Osize.a" />
<Add option="cpu/br28/liba/lib_dns.a" />
<Add option="cpu/br28/liba/update.a" />
<Add option="cpu/br28/liba/compressor.a" />
<Add option="cpu/br28/liba/limiter.a" />
<Add option="--end-group" />
<Add option="-Tcpu/br28/sdk.ld" />
<Add option="-M=cpu/br28/tools/sdk.map" />
<Add library="C:\JL\pi32\pi32v2-lib\r3-large\libm.a" />
</Linker>
<ExtraCommands>
<Add before="$compiler $options $includes -E -P cpu\br28\sdk_used_list.c -o cpu\br28\sdk_used_list.used" />
<Add before="$compiler $options $includes -E -P cpu\br28\sdk_ld.c -o cpu\br28\sdk.ld" />
<Add before="$compiler $options $includes -E -P cpu\br28\tools\download.c -o cpu\br28\tools\download.bat" />
<Add before="tools\utils\fixbat.exe cpu\br28\tools\download.bat" />
<Add before="$compiler $options $includes -E -P cpu\br28\tools\isd_config_rule.c -o cpu\br28\tools\isd_config.ini" />
<Mode before="always" />
<Add after="cpu\br28\tools\download.bat sdk" />
<Mode after="always" />
</ExtraCommands>
</Target>
</Build>
<Unit filename="apps/common/audio/amplitude_statistic.c"><Option compilerVer="CC"/></Unit>
<Unit filename="apps/common/audio/amplitude_statistic.h" />
<Unit filename="apps/common/audio/audio_dvol.c"><Option compilerVer="CC"/></Unit>
<Unit filename="apps/common/audio/audio_dvol.h" />
<Unit filename="apps/common/audio/audio_export_demo.c"><Option compilerVer="CC"/></Unit>
<Unit filename="apps/common/audio/audio_noise_gate.c"><Option compilerVer="CC"/></Unit>
<Unit filename="apps/common/audio/audio_noise_gate.h" />
<Unit filename="apps/common/audio/audio_ns.c"><Option compilerVer="CC"/></Unit>
<Unit filename="apps/common/audio/audio_ns.h" />
<Unit filename="apps/common/audio/audio_plc.c"><Option compilerVer="CC"/></Unit>
<Unit filename="apps/common/audio/audio_plc.h" />
<Unit filename="apps/common/audio/audio_utils.c"><Option compilerVer="CC"/></Unit>
<Unit filename="apps/common/audio/audio_utils.h" />
<Unit filename="apps/common/audio/decode/audio_key_tone.c"><Option compilerVer="CC"/></Unit>
<Unit filename="apps/common/audio/decode/decode.c"><Option compilerVer="CC"/></Unit>
<Unit filename="apps/common/audio/demo/audio_demo.c"><Option compilerVer="CC"/></Unit>
<Unit filename="apps/common/audio/online_debug/aud_data_export.c"><Option compilerVer="CC"/></Unit>
<Unit filename="apps/common/audio/online_debug/aud_data_export.h" />
<Unit filename="apps/common/audio/online_debug/aud_mic_dut.c"><Option compilerVer="CC"/></Unit>
<Unit filename="apps/common/audio/online_debug/aud_mic_dut.h" />
<Unit filename="apps/common/audio/online_debug/aud_spatial_effect_dut.c"><Option compilerVer="CC"/></Unit>
<Unit filename="apps/common/audio/online_debug/aud_spatial_effect_dut.h" />
<Unit filename="apps/common/audio/online_debug/audio_online_debug.c"><Option compilerVer="CC"/></Unit>
<Unit filename="apps/common/audio/online_debug/audio_online_debug.h" />
<Unit filename="apps/common/audio/sine_make.c"><Option compilerVer="CC"/></Unit>
<Unit filename="apps/common/audio/sine_make.h" />
<Unit filename="apps/common/audio/stream/stream_entry.h" />
<Unit filename="apps/common/audio/uartPcmSender.c"><Option compilerVer="CC"/></Unit>
<Unit filename="apps/common/audio/wm8978/iic.c"><Option compilerVer="CC"/></Unit>
<Unit filename="apps/common/audio/wm8978/iic.h" />
<Unit filename="apps/common/audio/wm8978/wm8978.c"><Option compilerVer="CC"/></Unit>
<Unit filename="apps/common/audio/wm8978/wm8978.h" />
<Unit filename="apps/common/bt_common/bt_test_api.c"><Option compilerVer="CC"/></Unit>
<Unit filename="apps/common/cJSON/cJSON.c"><Option compilerVer="CC"/></Unit>
<Unit filename="apps/common/cJSON/cJSON.h" />
<Unit filename="apps/common/config/app_config.c"><Option compilerVer="CC"/></Unit>
<Unit filename="apps/common/config/bt_profile_config.c"><Option compilerVer="CC"/></Unit>
<Unit filename="apps/common/config/ci_transport_uart.c"><Option compilerVer="CC"/></Unit>
<Unit filename="apps/common/config/include/bt_profile_cfg.h" />
<Unit filename="apps/common/config/include/cfg_tool.h" />
<Unit filename="apps/common/config/new_cfg_tool.c"><Option compilerVer="CC"/></Unit>
<Unit filename="apps/common/debug/debug.c"><Option compilerVer="CC"/></Unit>
<Unit filename="apps/common/debug/debug_lite.c"><Option compilerVer="CC"/></Unit>
<Unit filename="apps/common/dev_manager/dev_manager.h" />
<Unit filename="apps/common/dev_manager/dev_update.c"><Option compilerVer="CC"/></Unit>
<Unit filename="apps/common/dev_manager/dev_update.h" />
<Unit filename="apps/common/device/gSensor/EPMotion.h" />
<Unit filename="apps/common/device/gSensor/SC7A20.c"><Option compilerVer="CC"/></Unit>
<Unit filename="apps/common/device/gSensor/SC7A20.h" />
<Unit filename="apps/common/device/gSensor/STK8321.c"><Option compilerVer="CC"/></Unit>
<Unit filename="apps/common/device/gSensor/STK8321.h" />
<Unit filename="apps/common/device/gSensor/da230.c"><Option compilerVer="CC"/></Unit>
<Unit filename="apps/common/device/gSensor/da230.h" />
<Unit filename="apps/common/device/gSensor/gSensor_manage.c"><Option compilerVer="CC"/></Unit>
<Unit filename="apps/common/device/gSensor/gSensor_manage.h" />
<Unit filename="apps/common/device/gSensor/mira_std.h" />
<Unit filename="apps/common/device/gSensor/mpu6050.c"><Option compilerVer="CC"/></Unit>
<Unit filename="apps/common/device/gSensor/mpu6050.h" />
<Unit filename="apps/common/device/gSensor/mpu6050_reg.h" />
<Unit filename="apps/common/device/gx8002_npu/gx8002_enc/gx8002_enc.c"><Option compilerVer="CC"/></Unit>
<Unit filename="apps/common/device/gx8002_npu/gx8002_enc/gx8002_enc.h" />
<Unit filename="apps/common/device/gx8002_npu/gx8002_npu.c"><Option compilerVer="CC"/></Unit>
<Unit filename="apps/common/device/gx8002_npu/gx8002_npu.h" />
<Unit filename="apps/common/device/gx8002_npu/gx8002_npu_api.h" />
<Unit filename="apps/common/device/gx8002_npu/gx8002_npu_event_deal.c"><Option compilerVer="CC"/></Unit>
<Unit filename="apps/common/device/gx8002_npu/gx8002_upgrade/app_upgrade/gx_uart_upgrade_app.c"><Option compilerVer="CC"/></Unit>
<Unit filename="apps/common/device/gx8002_npu/gx8002_upgrade/app_upgrade/gx_uart_upgrade_tws.c"><Option compilerVer="CC"/></Unit>
<Unit filename="apps/common/device/gx8002_npu/gx8002_upgrade/gx_uart_upgrade.c"><Option compilerVer="CC"/></Unit>
<Unit filename="apps/common/device/gx8002_npu/gx8002_upgrade/gx_uart_upgrade.h" />
<Unit filename="apps/common/device/gx8002_npu/gx8002_upgrade/gx_uart_upgrade_porting.c"><Option compilerVer="CC"/></Unit>
<Unit filename="apps/common/device/gx8002_npu/gx8002_upgrade/gx_uart_upgrade_porting.h" />
<Unit filename="apps/common/device/gx8002_npu/gx8002_upgrade/gx_upgrade_def.h" />
<Unit filename="apps/common/device/gx8002_npu/gx8002_upgrade/sdfile_upgrade/gx_uart_upgrade_sdfile.c"><Option compilerVer="CC"/></Unit>
<Unit filename="apps/common/device/gx8002_npu/gx8002_upgrade/spp_upgrade/gx_fifo.c"><Option compilerVer="CC"/></Unit>
<Unit filename="apps/common/device/gx8002_npu/gx8002_upgrade/spp_upgrade/gx_fifo.h" />
<Unit filename="apps/common/device/gx8002_npu/gx8002_upgrade/spp_upgrade/gx_uart_upgrade_spp.c"><Option compilerVer="CC"/></Unit>
<Unit filename="apps/common/device/imu_sensor/icm_42670p/InvError.h" />
<Unit filename="apps/common/device/imu_sensor/icm_42670p/icm_42670p.c"><Option compilerVer="CC"/></Unit>
<Unit filename="apps/common/device/imu_sensor/icm_42670p/icm_42670p.h" />
<Unit filename="apps/common/device/imu_sensor/icm_42670p/inv_imu_apex.c"><Option compilerVer="CC"/></Unit>
<Unit filename="apps/common/device/imu_sensor/icm_42670p/inv_imu_apex.h" />
<Unit filename="apps/common/device/imu_sensor/icm_42670p/inv_imu_defs.h" />
<Unit filename="apps/common/device/imu_sensor/icm_42670p/inv_imu_driver.c"><Option compilerVer="CC"/></Unit>
<Unit filename="apps/common/device/imu_sensor/icm_42670p/inv_imu_driver.h" />
<Unit filename="apps/common/device/imu_sensor/icm_42670p/inv_imu_extfunc.h" />
<Unit filename="apps/common/device/imu_sensor/icm_42670p/inv_imu_regmap.h" />
<Unit filename="apps/common/device/imu_sensor/icm_42670p/inv_imu_transport.c"><Option compilerVer="CC"/></Unit>
<Unit filename="apps/common/device/imu_sensor/icm_42670p/inv_imu_transport.h" />
<Unit filename="apps/common/device/imu_sensor/icm_42670p/inv_imu_version.h" />
<Unit filename="apps/common/device/imu_sensor/imuSensor_manage.c"><Option compilerVer="CC"/></Unit>
<Unit filename="apps/common/device/imu_sensor/imuSensor_manage.h" />
<Unit filename="apps/common/device/imu_sensor/lsm6dsl/lsm6dsl.c"><Option compilerVer="CC"/></Unit>
<Unit filename="apps/common/device/imu_sensor/lsm6dsl/lsm6dsl.h" />
<Unit filename="apps/common/device/imu_sensor/mpu6887/mpu6887p.c"><Option compilerVer="CC"/></Unit>
<Unit filename="apps/common/device/imu_sensor/mpu6887/mpu6887p.h" />
<Unit filename="apps/common/device/imu_sensor/mpu9250/mpu9250.c"><Option compilerVer="CC"/></Unit>
<Unit filename="apps/common/device/imu_sensor/mpu9250/mpu9250.h" />
<Unit filename="apps/common/device/imu_sensor/qmi8658/qmi8658c.c"><Option compilerVer="CC"/></Unit>
<Unit filename="apps/common/device/imu_sensor/qmi8658/qmi8658c.h" />
<Unit filename="apps/common/device/imu_sensor/sh3001/sh3001.c"><Option compilerVer="CC"/></Unit>
<Unit filename="apps/common/device/imu_sensor/sh3001/sh3001.h" />
<Unit filename="apps/common/device/in_ear_detect/in_ear_detect.c"><Option compilerVer="CC"/></Unit>
<Unit filename="apps/common/device/in_ear_detect/in_ear_detect.h" />
<Unit filename="apps/common/device/in_ear_detect/in_ear_manage.c"><Option compilerVer="CC"/></Unit>
<Unit filename="apps/common/device/in_ear_detect/in_ear_manage.h" />
<Unit filename="apps/common/device/ir_sensor/ir_manage.c"><Option compilerVer="CC"/></Unit>
<Unit filename="apps/common/device/ir_sensor/ir_manage.h" />
<Unit filename="apps/common/device/ir_sensor/jsa1221.c"><Option compilerVer="CC"/></Unit>
<Unit filename="apps/common/device/key/adkey.c"><Option compilerVer="CC"/></Unit>
<Unit filename="apps/common/device/key/adkey_rtcvdd.c"><Option compilerVer="CC"/></Unit>
<Unit filename="apps/common/device/key/ctmu_touch_key.c"><Option compilerVer="CC"/></Unit>
<Unit filename="apps/common/device/key/iokey.c"><Option compilerVer="CC"/></Unit>
<Unit filename="apps/common/device/key/irkey.c"><Option compilerVer="CC"/></Unit>
<Unit filename="apps/common/device/key/key_driver.c"><Option compilerVer="CC"/></Unit>
<Unit filename="apps/common/device/key/touch_key.c"><Option compilerVer="CC"/></Unit>
<Unit filename="apps/common/device/key/uart_key.c"><Option compilerVer="CC"/></Unit>
<Unit filename="apps/common/device/norflash/norflash_sfc.c"><Option compilerVer="CC"/></Unit>
<Unit filename="apps/common/device/ntc/ntc_det.c"><Option compilerVer="CC"/></Unit>
<Unit filename="apps/common/device/ntc/ntc_det_api.h" />
<Unit filename="apps/common/device/usb/device/cdc.c"><Option compilerVer="CC"/></Unit>
<Unit filename="apps/common/device/usb/device/cdc.h" />
<Unit filename="apps/common/device/usb/device/cdc_defs.h" />
<Unit filename="apps/common/device/usb/device/descriptor.c"><Option compilerVer="CC"/></Unit>
<Unit filename="apps/common/device/usb/device/hid.c"><Option compilerVer="CC"/></Unit>
<Unit filename="apps/common/device/usb/device/msd.c"><Option compilerVer="CC"/></Unit>
<Unit filename="apps/common/device/usb/device/msd_upgrade.c"><Option compilerVer="CC"/></Unit>
<Unit filename="apps/common/device/usb/device/task_pc.c"><Option compilerVer="CC"/></Unit>
<Unit filename="apps/common/device/usb/device/uac1.c"><Option compilerVer="CC"/></Unit>
<Unit filename="apps/common/device/usb/device/uac_stream.c"><Option compilerVer="CC"/></Unit>
<Unit filename="apps/common/device/usb/device/uac_stream.h" />
<Unit filename="apps/common/device/usb/device/usb_device.c"><Option compilerVer="CC"/></Unit>
<Unit filename="apps/common/device/usb/device/user_setup.c"><Option compilerVer="CC"/></Unit>
<Unit filename="apps/common/device/usb/host/adb.c"><Option compilerVer="CC"/></Unit>
<Unit filename="apps/common/device/usb/host/adb.h" />
<Unit filename="apps/common/device/usb/host/aoa.c"><Option compilerVer="CC"/></Unit>
<Unit filename="apps/common/device/usb/host/aoa.h" />
<Unit filename="apps/common/device/usb/host/audio.c"><Option compilerVer="CC"/></Unit>
<Unit filename="apps/common/device/usb/host/audio.h" />
<Unit filename="apps/common/device/usb/host/audio_demo.c"><Option compilerVer="CC"/></Unit>
<Unit filename="apps/common/device/usb/host/hid.c"><Option compilerVer="CC"/></Unit>
<Unit filename="apps/common/device/usb/host/hid.h" />
<Unit filename="apps/common/device/usb/host/usb_bulk_transfer.c"><Option compilerVer="CC"/></Unit>
<Unit filename="apps/common/device/usb/host/usb_bulk_transfer.h" />
<Unit filename="apps/common/device/usb/host/usb_ctrl_transfer.c"><Option compilerVer="CC"/></Unit>
<Unit filename="apps/common/device/usb/host/usb_ctrl_transfer.h" />
<Unit filename="apps/common/device/usb/host/usb_hid_keys.h" />
<Unit filename="apps/common/device/usb/host/usb_host.c"><Option compilerVer="CC"/></Unit>
<Unit filename="apps/common/device/usb/host/usb_storage.c"><Option compilerVer="CC"/></Unit>
<Unit filename="apps/common/device/usb/host/usb_storage.h" />
<Unit filename="apps/common/device/usb/usb_common_def.h" />
<Unit filename="apps/common/device/usb/usb_config.c"><Option compilerVer="CC"/></Unit>
<Unit filename="apps/common/device/usb/usb_config.h" />
<Unit filename="apps/common/device/usb/usb_host_config.c"><Option compilerVer="CC"/></Unit>
<Unit filename="apps/common/device/usb/usb_std_class_def.h" />
<Unit filename="apps/common/ezxml/ezxml.c"><Option compilerVer="CC"/></Unit>
<Unit filename="apps/common/ezxml/ezxml.h" />
<Unit filename="apps/common/ezxml/ezxml_example.c"><Option compilerVer="CC"/></Unit>
<Unit filename="apps/common/fat_nor/cfg_private.c"><Option compilerVer="CC"/></Unit>
<Unit filename="apps/common/fat_nor/virfat_flash.c"><Option compilerVer="CC"/></Unit>
<Unit filename="apps/common/file_operate/file_manager.h" />
<Unit filename="apps/common/icsd/anc/icsd_anc.h" />
<Unit filename="apps/common/icsd/anc/icsd_anc_app.c"><Option compilerVer="CC"/></Unit>
<Unit filename="apps/common/icsd/anc/icsd_anc_app.h" />
<Unit filename="apps/common/icsd/anc/icsd_anc_board.c"><Option compilerVer="CC"/></Unit>
<Unit filename="apps/common/include/bt_common.h" />
<Unit filename="apps/common/include/cfg_private.h" />
<Unit filename="apps/common/include/norflash_sfc.h" />
<Unit filename="apps/common/include/standard_hid.h" />
<Unit filename="apps/common/include/update_tws.h" />
<Unit filename="apps/common/include/update_tws_new.h" />
<Unit filename="apps/common/jl_kws/jl_kws_algo.c"><Option compilerVer="CC"/></Unit>
<Unit filename="apps/common/jl_kws/jl_kws_api.h" />
<Unit filename="apps/common/jl_kws/jl_kws_audio.c"><Option compilerVer="CC"/></Unit>
<Unit filename="apps/common/jl_kws/jl_kws_common.h" />
<Unit filename="apps/common/jl_kws/jl_kws_event.c"><Option compilerVer="CC"/></Unit>
<Unit filename="apps/common/jl_kws/jl_kws_main.c"><Option compilerVer="CC"/></Unit>
<Unit filename="apps/common/music/breakpoint.h" />
<Unit filename="apps/common/music/music_decrypt.c"><Option compilerVer="CC"/></Unit>
<Unit filename="apps/common/music/music_decrypt.h" />
<Unit filename="apps/common/music/music_id3.c"><Option compilerVer="CC"/></Unit>
<Unit filename="apps/common/music/music_id3.h" />
<Unit filename="apps/common/music/music_player.h" />
<Unit filename="apps/common/temp_trim/dtemp_pll_trim.c"><Option compilerVer="CC"/></Unit>
<Unit filename="apps/common/test/fs_test.c"><Option compilerVer="CC"/></Unit>
<Unit filename="apps/common/test/os_test.c"><Option compilerVer="CC"/></Unit>
<Unit filename="apps/common/third_party_profile/Tecent_LL/include/ble_qiot_common.h" />
<Unit filename="apps/common/third_party_profile/Tecent_LL/include/ble_qiot_config.h" />
<Unit filename="apps/common/third_party_profile/Tecent_LL/include/ble_qiot_crc.h" />
<Unit filename="apps/common/third_party_profile/Tecent_LL/include/ble_qiot_export.h" />
<Unit filename="apps/common/third_party_profile/Tecent_LL/include/ble_qiot_hmac.h" />
<Unit filename="apps/common/third_party_profile/Tecent_LL/include/ble_qiot_import.h" />
<Unit filename="apps/common/third_party_profile/Tecent_LL/include/ble_qiot_llsync_data.h" />
<Unit filename="apps/common/third_party_profile/Tecent_LL/include/ble_qiot_llsync_device.h" />
<Unit filename="apps/common/third_party_profile/Tecent_LL/include/ble_qiot_llsync_event.h" />
<Unit filename="apps/common/third_party_profile/Tecent_LL/include/ble_qiot_llsync_ota.h" />
<Unit filename="apps/common/third_party_profile/Tecent_LL/include/ble_qiot_log.h" />
<Unit filename="apps/common/third_party_profile/Tecent_LL/include/ble_qiot_md5.h" />
<Unit filename="apps/common/third_party_profile/Tecent_LL/include/ble_qiot_param_check.h" />
<Unit filename="apps/common/third_party_profile/Tecent_LL/include/ble_qiot_service.h" />
<Unit filename="apps/common/third_party_profile/Tecent_LL/include/ble_qiot_sha1.h" />
<Unit filename="apps/common/third_party_profile/Tecent_LL/include/ble_qiot_template.h" />
<Unit filename="apps/common/third_party_profile/Tecent_LL/include/ble_qiot_utils_base64.h" />
<Unit filename="apps/common/third_party_profile/Tecent_LL/tecent_ll_demo/ll_demo.c"><Option compilerVer="CC"/></Unit>
<Unit filename="apps/common/third_party_profile/Tecent_LL/tecent_ll_demo/ll_demo.h" />
<Unit filename="apps/common/third_party_profile/Tecent_LL/tecent_ll_demo/ll_task.c"><Option compilerVer="CC"/></Unit>
<Unit filename="apps/common/third_party_profile/Tecent_LL/tecent_ll_demo/ll_task.h" />
<Unit filename="apps/common/third_party_profile/Tecent_LL/tecent_protocol/ble_qiot_import.c"><Option compilerVer="CC"/></Unit>
<Unit filename="apps/common/third_party_profile/Tecent_LL/tecent_protocol/ble_qiot_llsync_data.c"><Option compilerVer="CC"/></Unit>
<Unit filename="apps/common/third_party_profile/Tecent_LL/tecent_protocol/ble_qiot_llsync_device.c"><Option compilerVer="CC"/></Unit>
<Unit filename="apps/common/third_party_profile/Tecent_LL/tecent_protocol/ble_qiot_llsync_event.c"><Option compilerVer="CC"/></Unit>
<Unit filename="apps/common/third_party_profile/Tecent_LL/tecent_protocol/ble_qiot_llsync_ota.c"><Option compilerVer="CC"/></Unit>
<Unit filename="apps/common/third_party_profile/Tecent_LL/tecent_protocol/ble_qiot_service.c"><Option compilerVer="CC"/></Unit>
<Unit filename="apps/common/third_party_profile/Tecent_LL/tecent_protocol/ble_qiot_template.c"><Option compilerVer="CC"/></Unit>
<Unit filename="apps/common/third_party_profile/Tecent_LL/tecent_protocol/ble_qiot_utils_base64.c"><Option compilerVer="CC"/></Unit>
<Unit filename="apps/common/third_party_profile/Tecent_LL/tecent_protocol/ble_qiot_utils_crc.c"><Option compilerVer="CC"/></Unit>
<Unit filename="apps/common/third_party_profile/Tecent_LL/tecent_protocol/ble_qiot_utils_hmac.c"><Option compilerVer="CC"/></Unit>
<Unit filename="apps/common/third_party_profile/Tecent_LL/tecent_protocol/ble_qiot_utils_log.c"><Option compilerVer="CC"/></Unit>
<Unit filename="apps/common/third_party_profile/Tecent_LL/tecent_protocol/ble_qiot_utils_md5.c"><Option compilerVer="CC"/></Unit>
<Unit filename="apps/common/third_party_profile/Tecent_LL/tecent_protocol/ble_qiot_utils_sha1.c"><Option compilerVer="CC"/></Unit>
<Unit filename="apps/common/third_party_profile/common/3th_profile_api.c"><Option compilerVer="CC"/></Unit>
<Unit filename="apps/common/third_party_profile/common/3th_profile_api.h" />
<Unit filename="apps/common/third_party_profile/common/custom_cfg.c"><Option compilerVer="CC"/></Unit>
<Unit filename="apps/common/third_party_profile/common/custom_cfg.h" />
<Unit filename="apps/common/third_party_profile/common/mic_rec.c"><Option compilerVer="CC"/></Unit>
<Unit filename="apps/common/third_party_profile/interface/app_protocol_api.c"><Option compilerVer="CC"/></Unit>
<Unit filename="apps/common/third_party_profile/interface/app_protocol_api.h" />
<Unit filename="apps/common/third_party_profile/interface/app_protocol_common.c"><Option compilerVer="CC"/></Unit>
<Unit filename="apps/common/third_party_profile/interface/app_protocol_common.h" />
<Unit filename="apps/common/third_party_profile/interface/app_protocol_dma.c"><Option compilerVer="CC"/></Unit>
<Unit filename="apps/common/third_party_profile/interface/app_protocol_gma.c"><Option compilerVer="CC"/></Unit>
<Unit filename="apps/common/third_party_profile/interface/app_protocol_mma.c"><Option compilerVer="CC"/></Unit>
<Unit filename="apps/common/third_party_profile/interface/app_protocol_ota.c"><Option compilerVer="CC"/></Unit>
<Unit filename="apps/common/third_party_profile/interface/app_protocol_ota.h" />
<Unit filename="apps/common/third_party_profile/interface/app_protocol_tme.c"><Option compilerVer="CC"/></Unit>
<Unit filename="apps/common/third_party_profile/jieli/JL_rcsp/adv_app_setting/adv_adaptive_noise_reduction.c"><Option compilerVer="CC"/></Unit>
<Unit filename="apps/common/third_party_profile/jieli/JL_rcsp/adv_app_setting/adv_adaptive_noise_reduction.h" />
<Unit filename="apps/common/third_party_profile/jieli/JL_rcsp/adv_app_setting/adv_ai_no_pick.h" />
<Unit filename="apps/common/third_party_profile/jieli/JL_rcsp/adv_app_setting/adv_anc_voice.c"><Option compilerVer="CC"/></Unit>
<Unit filename="apps/common/third_party_profile/jieli/JL_rcsp/adv_app_setting/adv_anc_voice.h" />
<Unit filename="apps/common/third_party_profile/jieli/JL_rcsp/adv_app_setting/adv_anc_voice_key.c"><Option compilerVer="CC"/></Unit>
<Unit filename="apps/common/third_party_profile/jieli/JL_rcsp/adv_app_setting/adv_anc_voice_key.h" />
<Unit filename="apps/common/third_party_profile/jieli/JL_rcsp/adv_app_setting/adv_bt_name_setting.c"><Option compilerVer="CC"/></Unit>
<Unit filename="apps/common/third_party_profile/jieli/JL_rcsp/adv_app_setting/adv_bt_name_setting.h" />
<Unit filename="apps/common/third_party_profile/jieli/JL_rcsp/adv_app_setting/adv_eq_setting.c"><Option compilerVer="CC"/></Unit>
<Unit filename="apps/common/third_party_profile/jieli/JL_rcsp/adv_app_setting/adv_eq_setting.h" />
<Unit filename="apps/common/third_party_profile/jieli/JL_rcsp/adv_app_setting/adv_hearing_aid_setting.c"><Option compilerVer="CC"/></Unit>
<Unit filename="apps/common/third_party_profile/jieli/JL_rcsp/adv_app_setting/adv_hearing_aid_setting.h" />
<Unit filename="apps/common/third_party_profile/jieli/JL_rcsp/adv_app_setting/adv_high_low_vol.h" />
<Unit filename="apps/common/third_party_profile/jieli/JL_rcsp/adv_app_setting/adv_high_low_vol_setting.c"><Option compilerVer="CC"/></Unit>
<Unit filename="apps/common/third_party_profile/jieli/JL_rcsp/adv_app_setting/adv_key_setting.c"><Option compilerVer="CC"/></Unit>
<Unit filename="apps/common/third_party_profile/jieli/JL_rcsp/adv_app_setting/adv_key_setting.h" />
<Unit filename="apps/common/third_party_profile/jieli/JL_rcsp/adv_app_setting/adv_led_setting.c"><Option compilerVer="CC"/></Unit>
<Unit filename="apps/common/third_party_profile/jieli/JL_rcsp/adv_app_setting/adv_led_setting.h" />
<Unit filename="apps/common/third_party_profile/jieli/JL_rcsp/adv_app_setting/adv_mic_setting.c"><Option compilerVer="CC"/></Unit>
<Unit filename="apps/common/third_party_profile/jieli/JL_rcsp/adv_app_setting/adv_mic_setting.h" />
<Unit filename="apps/common/third_party_profile/jieli/JL_rcsp/adv_app_setting/adv_music_info_setting.c"><Option compilerVer="CC"/></Unit>
<Unit filename="apps/common/third_party_profile/jieli/JL_rcsp/adv_app_setting/adv_music_info_setting.h" />
<Unit filename="apps/common/third_party_profile/jieli/JL_rcsp/adv_app_setting/adv_scene_noise_reduction.h" />
<Unit filename="apps/common/third_party_profile/jieli/JL_rcsp/adv_app_setting/adv_setting_common.h" />
<Unit filename="apps/common/third_party_profile/jieli/JL_rcsp/adv_app_setting/adv_time_stamp_setting.c"><Option compilerVer="CC"/></Unit>
<Unit filename="apps/common/third_party_profile/jieli/JL_rcsp/adv_app_setting/adv_time_stamp_setting.h" />
<Unit filename="apps/common/third_party_profile/jieli/JL_rcsp/adv_app_setting/adv_voice_enhancement_mode.h" />
<Unit filename="apps/common/third_party_profile/jieli/JL_rcsp/adv_app_setting/adv_wind_noise_detection.h" />
<Unit filename="apps/common/third_party_profile/jieli/JL_rcsp/adv_app_setting/adv_work_setting.c"><Option compilerVer="CC"/></Unit>
<Unit filename="apps/common/third_party_profile/jieli/JL_rcsp/adv_app_setting/adv_work_setting.h" />
<Unit filename="apps/common/third_party_profile/jieli/JL_rcsp/adv_rcsp_protocol/rcsp_adv_bluetooth.c"><Option compilerVer="CC"/></Unit>
<Unit filename="apps/common/third_party_profile/jieli/JL_rcsp/adv_rcsp_protocol/rcsp_adv_bluetooth.h" />
<Unit filename="apps/common/third_party_profile/jieli/JL_rcsp/adv_rcsp_protocol/rcsp_adv_customer_user.c"><Option compilerVer="CC"/></Unit>
<Unit filename="apps/common/third_party_profile/jieli/JL_rcsp/adv_rcsp_protocol/rcsp_adv_customer_user.h" />
<Unit filename="apps/common/third_party_profile/jieli/JL_rcsp/adv_rcsp_protocol/rcsp_adv_opt.c"><Option compilerVer="CC"/></Unit>
<Unit filename="apps/common/third_party_profile/jieli/JL_rcsp/adv_rcsp_protocol/rcsp_adv_opt.h" />
<Unit filename="apps/common/third_party_profile/jieli/JL_rcsp/adv_rcsp_protocol/rcsp_adv_tws_sync.c"><Option compilerVer="CC"/></Unit>
<Unit filename="apps/common/third_party_profile/jieli/JL_rcsp/adv_rcsp_protocol/rcsp_adv_tws_sync.h" />
<Unit filename="apps/common/third_party_profile/jieli/JL_rcsp/bt_trans_data/le_rcsp_adv_module.c"><Option compilerVer="CC"/></Unit>
<Unit filename="apps/common/third_party_profile/jieli/JL_rcsp/bt_trans_data/le_rcsp_adv_module.h" />
<Unit filename="apps/common/third_party_profile/jieli/JL_rcsp/bt_trans_data/rcsp_adv_spp_user.c"><Option compilerVer="CC"/></Unit>
<Unit filename="apps/common/third_party_profile/jieli/JL_rcsp/btcrypt.h" />
<Unit filename="apps/common/third_party_profile/jieli/JL_rcsp/rcsp_bluetooth.h" />
<Unit filename="apps/common/third_party_profile/jieli/JL_rcsp/rcsp_msg.h" />
<Unit filename="apps/common/third_party_profile/jieli/JL_rcsp/rcsp_updata/rcsp_adv_user_update.c"><Option compilerVer="CC"/></Unit>
<Unit filename="apps/common/third_party_profile/jieli/JL_rcsp/rcsp_updata/rcsp_adv_user_update.h" />
<Unit filename="apps/common/third_party_profile/jieli/JL_rcsp/rcsp_updata/rcsp_ch_loader_download.c"><Option compilerVer="CC"/></Unit>
<Unit filename="apps/common/third_party_profile/jieli/JL_rcsp/rcsp_updata/rcsp_user_update.c"><Option compilerVer="CC"/></Unit>
<Unit filename="apps/common/third_party_profile/jieli/JL_rcsp/rcsp_updata/rcsp_user_update.h" />
<Unit filename="apps/common/third_party_profile/jieli/le_client_demo.h" />
<Unit filename="apps/common/third_party_profile/jieli/le_common.h" />
<Unit filename="apps/common/third_party_profile/jieli/le_hogp.c"><Option compilerVer="CC"/></Unit>
<Unit filename="apps/common/third_party_profile/jieli/le_hogp.h" />
<Unit filename="apps/common/third_party_profile/jieli/online_db/online_db_deal.c"><Option compilerVer="CC"/></Unit>
<Unit filename="apps/common/third_party_profile/jieli/online_db/online_db_deal.h" />
<Unit filename="apps/common/third_party_profile/jieli/online_db/spp_online_db.c"><Option compilerVer="CC"/></Unit>
<Unit filename="apps/common/third_party_profile/jieli/online_db/spp_online_db.h" />
<Unit filename="apps/common/third_party_profile/jieli/trans_data_demo/le_trans_data.c"><Option compilerVer="CC"/></Unit>
<Unit filename="apps/common/third_party_profile/jieli/trans_data_demo/le_trans_data.h" />
<Unit filename="apps/common/third_party_profile/jieli/trans_data_demo/spp_trans_data.c"><Option compilerVer="CC"/></Unit>
<Unit filename="apps/common/third_party_profile/jieli/trans_data_demo/spp_trans_data.h" />
<Unit filename="apps/common/third_party_profile/jieli/wireless_mic/le_wireless_mic_client.c"><Option compilerVer="CC"/></Unit>
<Unit filename="apps/common/third_party_profile/jieli/wireless_mic/le_wireless_mic_server.c"><Option compilerVer="CC"/></Unit>
<Unit filename="apps/common/third_party_profile/tuya_protocol/app/demo/tuya_ble_app_demo.c"><Option compilerVer="CC"/></Unit>
<Unit filename="apps/common/third_party_profile/tuya_protocol/app/demo/tuya_ble_app_demo.h" />
<Unit filename="apps/common/third_party_profile/tuya_protocol/app/demo/tuya_ota.c"><Option compilerVer="CC"/></Unit>
<Unit filename="apps/common/third_party_profile/tuya_protocol/app/demo/tuya_ota.h" />
<Unit filename="apps/common/third_party_profile/tuya_protocol/app/product_test/tuya_ble_app_production_test.c"><Option compilerVer="CC"/></Unit>
<Unit filename="apps/common/third_party_profile/tuya_protocol/app/product_test/tuya_ble_app_production_test.h" />
<Unit filename="apps/common/third_party_profile/tuya_protocol/app/uart_common/tuya_ble_app_uart_common_handler.c"><Option compilerVer="CC"/></Unit>
<Unit filename="apps/common/third_party_profile/tuya_protocol/app/uart_common/tuya_ble_app_uart_common_handler.h" />
<Unit filename="apps/common/third_party_profile/tuya_protocol/extern_components/mbedtls/aes.c"><Option compilerVer="CC"/></Unit>
<Unit filename="apps/common/third_party_profile/tuya_protocol/extern_components/mbedtls/aes.h" />
<Unit filename="apps/common/third_party_profile/tuya_protocol/extern_components/mbedtls/ccm.c"><Option compilerVer="CC"/></Unit>
<Unit filename="apps/common/third_party_profile/tuya_protocol/extern_components/mbedtls/ccm.h" />
<Unit filename="apps/common/third_party_profile/tuya_protocol/extern_components/mbedtls/hmac.c"><Option compilerVer="CC"/></Unit>
<Unit filename="apps/common/third_party_profile/tuya_protocol/extern_components/mbedtls/hmac.h" />
<Unit filename="apps/common/third_party_profile/tuya_protocol/extern_components/mbedtls/md5.c"><Option compilerVer="CC"/></Unit>
<Unit filename="apps/common/third_party_profile/tuya_protocol/extern_components/mbedtls/md5.h" />
<Unit filename="apps/common/third_party_profile/tuya_protocol/extern_components/mbedtls/sha1.c"><Option compilerVer="CC"/></Unit>
<Unit filename="apps/common/third_party_profile/tuya_protocol/extern_components/mbedtls/sha1.h" />
<Unit filename="apps/common/third_party_profile/tuya_protocol/extern_components/mbedtls/sha256.c"><Option compilerVer="CC"/></Unit>
<Unit filename="apps/common/third_party_profile/tuya_protocol/extern_components/mbedtls/sha256.h" />
<Unit filename="apps/common/third_party_profile/tuya_protocol/port/tuya_ble_port.c"><Option compilerVer="CC"/></Unit>
<Unit filename="apps/common/third_party_profile/tuya_protocol/port/tuya_ble_port.h" />
<Unit filename="apps/common/third_party_profile/tuya_protocol/port/tuya_ble_port_JL.c"><Option compilerVer="CC"/></Unit>
<Unit filename="apps/common/third_party_profile/tuya_protocol/port/tuya_ble_port_peripheral.c"><Option compilerVer="CC"/></Unit>
<Unit filename="apps/common/third_party_profile/tuya_protocol/port/tuya_ble_port_peripheral.h" />
<Unit filename="apps/common/third_party_profile/tuya_protocol/port/tuya_ble_stdlib.h" />
<Unit filename="apps/common/third_party_profile/tuya_protocol/sdk/include/tuya_ble_api.h" />
<Unit filename="apps/common/third_party_profile/tuya_protocol/sdk/include/tuya_ble_bulk_data.h" />
<Unit filename="apps/common/third_party_profile/tuya_protocol/sdk/include/tuya_ble_data_handler.h" />
<Unit filename="apps/common/third_party_profile/tuya_protocol/sdk/include/tuya_ble_event.h" />
<Unit filename="apps/common/third_party_profile/tuya_protocol/sdk/include/tuya_ble_feature_weather.h" />
<Unit filename="apps/common/third_party_profile/tuya_protocol/sdk/include/tuya_ble_gatt_send_queue.h" />
<Unit filename="apps/common/third_party_profile/tuya_protocol/sdk/include/tuya_ble_heap.h" />
<Unit filename="apps/common/third_party_profile/tuya_protocol/sdk/include/tuya_ble_internal_config.h" />
<Unit filename="apps/common/third_party_profile/tuya_protocol/sdk/include/tuya_ble_log.h" />
<Unit filename="apps/common/third_party_profile/tuya_protocol/sdk/include/tuya_ble_log_internal.h" />
<Unit filename="apps/common/third_party_profile/tuya_protocol/sdk/include/tuya_ble_main.h" />
<Unit filename="apps/common/third_party_profile/tuya_protocol/sdk/include/tuya_ble_mem.h" />
<Unit filename="apps/common/third_party_profile/tuya_protocol/sdk/include/tuya_ble_mutli_tsf_protocol.h" />
<Unit filename="apps/common/third_party_profile/tuya_protocol/sdk/include/tuya_ble_queue.h" />
<Unit filename="apps/common/third_party_profile/tuya_protocol/sdk/include/tuya_ble_storage.h" />
<Unit filename="apps/common/third_party_profile/tuya_protocol/sdk/include/tuya_ble_type.h" />
<Unit filename="apps/common/third_party_profile/tuya_protocol/sdk/include/tuya_ble_unix_time.h" />
<Unit filename="apps/common/third_party_profile/tuya_protocol/sdk/include/tuya_ble_utils.h" />
<Unit filename="apps/common/third_party_profile/tuya_protocol/sdk/lib/tuya_ble_event_handler.h" />
<Unit filename="apps/common/third_party_profile/tuya_protocol/sdk/lib/tuya_ble_secure.h" />
<Unit filename="apps/common/third_party_profile/tuya_protocol/sdk/src/tuya_ble_api.c"><Option compilerVer="CC"/></Unit>
<Unit filename="apps/common/third_party_profile/tuya_protocol/sdk/src/tuya_ble_bulk_data.c"><Option compilerVer="CC"/></Unit>
<Unit filename="apps/common/third_party_profile/tuya_protocol/sdk/src/tuya_ble_data_handler.c"><Option compilerVer="CC"/></Unit>
<Unit filename="apps/common/third_party_profile/tuya_protocol/sdk/src/tuya_ble_event.c"><Option compilerVer="CC"/></Unit>
<Unit filename="apps/common/third_party_profile/tuya_protocol/sdk/src/tuya_ble_event_handler.c"><Option compilerVer="CC"/></Unit>
<Unit filename="apps/common/third_party_profile/tuya_protocol/sdk/src/tuya_ble_event_handler_weak.c"><Option compilerVer="CC"/></Unit>
<Unit filename="apps/common/third_party_profile/tuya_protocol/sdk/src/tuya_ble_feature_weather.c"><Option compilerVer="CC"/></Unit>
<Unit filename="apps/common/third_party_profile/tuya_protocol/sdk/src/tuya_ble_gatt_send_queue.c"><Option compilerVer="CC"/></Unit>
<Unit filename="apps/common/third_party_profile/tuya_protocol/sdk/src/tuya_ble_heap.c"><Option compilerVer="CC"/></Unit>
<Unit filename="apps/common/third_party_profile/tuya_protocol/sdk/src/tuya_ble_main.c"><Option compilerVer="CC"/></Unit>
<Unit filename="apps/common/third_party_profile/tuya_protocol/sdk/src/tuya_ble_mem.c"><Option compilerVer="CC"/></Unit>
<Unit filename="apps/common/third_party_profile/tuya_protocol/sdk/src/tuya_ble_mutli_tsf_protocol.c"><Option compilerVer="CC"/></Unit>
<Unit filename="apps/common/third_party_profile/tuya_protocol/sdk/src/tuya_ble_queue.c"><Option compilerVer="CC"/></Unit>
<Unit filename="apps/common/third_party_profile/tuya_protocol/sdk/src/tuya_ble_storage.c"><Option compilerVer="CC"/></Unit>
<Unit filename="apps/common/third_party_profile/tuya_protocol/sdk/src/tuya_ble_unix_time.c"><Option compilerVer="CC"/></Unit>
<Unit filename="apps/common/third_party_profile/tuya_protocol/sdk/src/tuya_ble_utils.c"><Option compilerVer="CC"/></Unit>
<Unit filename="apps/common/third_party_profile/tuya_protocol/tuya_ble_config.h" />
<Unit filename="apps/common/third_party_profile/tuya_protocol/tuya_ble_sdk_version.h" />
<Unit filename="apps/common/ui/lcd_simple/lcd_simple_api.c"><Option compilerVer="CC"/></Unit>
<Unit filename="apps/common/ui/lcd_simple/ui.c"><Option compilerVer="CC"/></Unit>
<Unit filename="apps/common/ui/lcd_simple/ui_mainmenu.c"><Option compilerVer="CC"/></Unit>
<Unit filename="apps/common/update/testbox_update.c"><Option compilerVer="CC"/></Unit>
<Unit filename="apps/common/update/update.c"><Option compilerVer="CC"/></Unit>
<Unit filename="apps/common/update/update_tws.c"><Option compilerVer="CC"/></Unit>
<Unit filename="apps/common/update/update_tws_new.c"><Option compilerVer="CC"/></Unit>
<Unit filename="apps/earphone/aec/br28/audio_aec.c"><Option compilerVer="CC"/></Unit>
<Unit filename="apps/earphone/aec/br28/audio_aec_demo.c"><Option compilerVer="CC"/></Unit>
<Unit filename="apps/earphone/aec/br28/audio_aec_dms.c"><Option compilerVer="CC"/></Unit>
<Unit filename="apps/earphone/aec/br28/audio_aec_online.c"><Option compilerVer="CC"/></Unit>
<Unit filename="apps/earphone/aec/br28/audio_aec_online.h" />
<Unit filename="apps/earphone/aec/br28/audio_cvp_ais_3mic.c"><Option compilerVer="CC"/></Unit>
<Unit filename="apps/earphone/app_ancbox.c"><Option compilerVer="CC"/></Unit>
<Unit filename="apps/earphone/app_anctool.c"><Option compilerVer="CC"/></Unit>
<Unit filename="apps/earphone/app_main.c"><Option compilerVer="CC"/></Unit>
<Unit filename="apps/earphone/app_protocol_deal.c"><Option compilerVer="CC"/></Unit>
<Unit filename="apps/earphone/app_task_switch.c"><Option compilerVer="CC"/></Unit>
<Unit filename="apps/earphone/app_testbox.c"><Option compilerVer="CC"/></Unit>
<Unit filename="apps/earphone/ble_adv.c"><Option compilerVer="CC"/></Unit>
<Unit filename="apps/earphone/board/br28/board_config.h" />
<Unit filename="apps/earphone/board/br28/board_jl7016g_hybrid.c"><Option compilerVer="CC"/></Unit>
<Unit filename="apps/earphone/board/br28/board_jl7016g_hybrid_cfg.h" />
<Unit filename="apps/earphone/board/br28/board_jl7016g_hybrid_global_build_cfg.h" />
<Unit filename="apps/earphone/board/br28/board_jl7018f_demo.c"><Option compilerVer="CC"/></Unit>
<Unit filename="apps/earphone/board/br28/board_jl7018f_demo_cfg.h" />
<Unit filename="apps/earphone/board/br28/board_jl7018f_demo_global_build_cfg.h" />
<Unit filename="apps/earphone/board/br28/board_jl701n_anc.c"><Option compilerVer="CC"/></Unit>
<Unit filename="apps/earphone/board/br28/board_jl701n_anc_cfg.h" />
<Unit filename="apps/earphone/board/br28/board_jl701n_anc_global_build_cfg.h" />
<Unit filename="apps/earphone/board/br28/board_jl701n_demo.c"><Option compilerVer="CC"/></Unit>
<Unit filename="apps/earphone/board/br28/board_jl701n_demo_cfg.h" />
<Unit filename="apps/earphone/board/br28/board_jl701n_demo_global_build_cfg.h" />
<Unit filename="apps/earphone/bt_auto_test.c"><Option compilerVer="CC"/></Unit>
<Unit filename="apps/earphone/bt_background.c"><Option compilerVer="CC"/></Unit>
<Unit filename="apps/earphone/bt_ble.c"><Option compilerVer="CC"/></Unit>
<Unit filename="apps/earphone/bt_ble_hid.c"><Option compilerVer="CC"/></Unit>
<Unit filename="apps/earphone/bt_tws.c"><Option compilerVer="CC"/></Unit>
<Unit filename="apps/earphone/default_event_handler.c"><Option compilerVer="CC"/></Unit>
<Unit filename="apps/earphone/earphone.c"><Option compilerVer="CC"/></Unit>
<Unit filename="apps/earphone/eartch_event_deal.c"><Option compilerVer="CC"/></Unit>
<Unit filename="apps/earphone/font/fontinit.c"><Option compilerVer="CC"/></Unit>
<Unit filename="apps/earphone/idle.c"><Option compilerVer="CC"/></Unit>
<Unit filename="apps/earphone/include/aec_user.h" />
<Unit filename="apps/earphone/include/app_action.h" />
<Unit filename="apps/earphone/include/app_charge.h" />
<Unit filename="apps/earphone/include/app_chargestore.h" />
<Unit filename="apps/earphone/include/app_config.h" />
<Unit filename="apps/earphone/include/app_main.h" />
<Unit filename="apps/earphone/include/app_music.h" />
<Unit filename="apps/earphone/include/app_online_cfg.h" />
<Unit filename="apps/earphone/include/app_power_manage.h" />
<Unit filename="apps/earphone/include/app_sd_music.h" />
<Unit filename="apps/earphone/include/app_task.h" />
<Unit filename="apps/earphone/include/app_testbox.h" />
<Unit filename="apps/earphone/include/app_umidigi_chargestore.h" />
<Unit filename="apps/earphone/include/bt_background.h" />
<Unit filename="apps/earphone/include/bt_ble.h" />
<Unit filename="apps/earphone/include/bt_tws.h" />
<Unit filename="apps/earphone/include/default_event_handler.h" />
<Unit filename="apps/earphone/include/earphone.h" />
<Unit filename="apps/earphone/include/key_event_deal.h" />
<Unit filename="apps/earphone/include/pbg_user.h" />
<Unit filename="apps/earphone/include/tone_player.h" />
<Unit filename="apps/earphone/include/ui/lcd_seg/lcd_seg3x9_driver.h" />
<Unit filename="apps/earphone/include/ui/lcd_simple/menu.h" />
<Unit filename="apps/earphone/include/ui/lcd_simple/ui.h" />
<Unit filename="apps/earphone/include/ui/lcd_simple/ui_mainmenu.h" />
<Unit filename="apps/earphone/include/ui/lcd_spi/lcd_drive.h" />
<Unit filename="apps/earphone/include/ui/led7/led7_driver.h" />
<Unit filename="apps/earphone/include/ui/res_config.h" />
<Unit filename="apps/earphone/include/ui/style_led7.h" />
<Unit filename="apps/earphone/include/ui/ui_api.h" />
<Unit filename="apps/earphone/include/ui/ui_common.h" />
<Unit filename="apps/earphone/include/ui/ui_style.h" />
<Unit filename="apps/earphone/include/ui_manage.h" />
<Unit filename="apps/earphone/include/user_cfg_id.h" />
<Unit filename="apps/earphone/include/vol_sync.h" />
<Unit filename="apps/earphone/include/wireless_mic/bt_edr_fun.h" />
<Unit filename="apps/earphone/include/wireless_mic/wireless_mic_test.h" />
<Unit filename="apps/earphone/key_event_deal.c"><Option compilerVer="CC"/></Unit>
<Unit filename="apps/earphone/kws_voice_event_deal.c"><Option compilerVer="CC"/></Unit>
<Unit filename="apps/earphone/linein/linein.c"><Option compilerVer="CC"/></Unit>
<Unit filename="apps/earphone/ll_sync_demo/ll_sync_demo.c"><Option compilerVer="CC"/></Unit>
<Unit filename="apps/earphone/log_config/app_config.c"><Option compilerVer="CC"/></Unit>
<Unit filename="apps/earphone/log_config/lib_btctrler_config.c"><Option compilerVer="CC"/></Unit>
<Unit filename="apps/earphone/log_config/lib_btstack_config.c"><Option compilerVer="CC"/></Unit>
<Unit filename="apps/earphone/log_config/lib_driver_config.c"><Option compilerVer="CC"/></Unit>
<Unit filename="apps/earphone/log_config/lib_media_config.c"><Option compilerVer="CC"/></Unit>
<Unit filename="apps/earphone/log_config/lib_system_config.c"><Option compilerVer="CC"/></Unit>
<Unit filename="apps/earphone/log_config/lib_update_config.c"><Option compilerVer="CC"/></Unit>
<Unit filename="apps/earphone/pbg_demo.c"><Option compilerVer="CC"/></Unit>
<Unit filename="apps/earphone/pc/pc.c"><Option compilerVer="CC"/></Unit>
<Unit filename="apps/earphone/power_manage/app_charge.c"><Option compilerVer="CC"/></Unit>
<Unit filename="apps/earphone/power_manage/app_chargestore.c"><Option compilerVer="CC"/></Unit>
<Unit filename="apps/earphone/power_manage/app_power_manage.c"><Option compilerVer="CC"/></Unit>
<Unit filename="apps/earphone/power_manage/app_umidigi_chargestore.c"><Option compilerVer="CC"/></Unit>
<Unit filename="apps/earphone/rcsp/jl_phone_app.c"><Option compilerVer="CC"/></Unit>
<Unit filename="apps/earphone/rcsp/rcsp_adv.c"><Option compilerVer="CC"/></Unit>
<Unit filename="apps/earphone/sdk_version.z.S" />
<Unit filename="apps/earphone/tone_table.c"><Option compilerVer="CC"/></Unit>
<Unit filename="apps/earphone/trans_data_demo/trans_data_demo.c"><Option compilerVer="CC"/></Unit>
<Unit filename="apps/earphone/tuya/tuya_app.c"><Option compilerVer="CC"/></Unit>
<Unit filename="apps/earphone/tuya/tuya_demo.c"><Option compilerVer="CC"/></Unit>
<Unit filename="apps/earphone/tuya/tuya_demo.h" />
<Unit filename="apps/earphone/ui/lcd_simple/my_demo.c"><Option compilerVer="CC"/></Unit>
<Unit filename="apps/earphone/ui_manage.c"><Option compilerVer="CC"/></Unit>
<Unit filename="apps/earphone/user_cfg.c"><Option compilerVer="CC"/></Unit>
<Unit filename="apps/earphone/version.c"><Option compilerVer="CC"/></Unit>
<Unit filename="apps/earphone/vol_sync.c"><Option compilerVer="CC"/></Unit>
<Unit filename="apps/earphone/wireless_mic/app_main_wireless_mic.c"><Option compilerVer="CC"/></Unit>
<Unit filename="apps/earphone/wireless_mic/audio/adapter_adc.c"><Option compilerVer="CC"/></Unit>
<Unit filename="apps/earphone/wireless_mic/audio/adapter_adc.h" />
<Unit filename="apps/earphone/wireless_mic/audio/adapter_media.c"><Option compilerVer="CC"/></Unit>
<Unit filename="apps/earphone/wireless_mic/audio/adapter_media.h" />
<Unit filename="apps/earphone/wireless_mic/audio/wireless/adapter_wireless_dec.c"><Option compilerVer="CC"/></Unit>
<Unit filename="apps/earphone/wireless_mic/audio/wireless/adapter_wireless_dec.h" />
<Unit filename="apps/earphone/wireless_mic/audio/wireless/adapter_wireless_enc.c"><Option compilerVer="CC"/></Unit>
<Unit filename="apps/earphone/wireless_mic/audio/wireless/adapter_wireless_enc.h" />
<Unit filename="apps/earphone/wireless_mic/bt/bt_edr_fun.c"><Option compilerVer="CC"/></Unit>
<Unit filename="apps/earphone/wireless_mic/bt/bt_status_event.c"><Option compilerVer="CC"/></Unit>
<Unit filename="apps/earphone/wireless_mic/idev/adapter_idev.c"><Option compilerVer="CC"/></Unit>
<Unit filename="apps/earphone/wireless_mic/idev/adapter_idev.h" />
<Unit filename="apps/earphone/wireless_mic/idev/idev_bt/adapter_idev_bt.c"><Option compilerVer="CC"/></Unit>
<Unit filename="apps/earphone/wireless_mic/idev/idev_bt/idev_ble/adapter_idev_ble.c"><Option compilerVer="CC"/></Unit>
<Unit filename="apps/earphone/wireless_mic/idev/idev_bt/include/adapter_idev_ble.h" />
<Unit filename="apps/earphone/wireless_mic/idev/idev_bt/include/adapter_idev_bt.h" />
<Unit filename="apps/earphone/wireless_mic/idev/idev_mic/adapter_idev_mic.c"><Option compilerVer="CC"/></Unit>
<Unit filename="apps/earphone/wireless_mic/idev/idev_mic/adapter_idev_mic.h" />
<Unit filename="apps/earphone/wireless_mic/odev/adapter_odev.c"><Option compilerVer="CC"/></Unit>
<Unit filename="apps/earphone/wireless_mic/odev/adapter_odev.h" />
<Unit filename="apps/earphone/wireless_mic/odev/odev_bt/adapter_odev_bt.c"><Option compilerVer="CC"/></Unit>
<Unit filename="apps/earphone/wireless_mic/odev/odev_bt/include/adapter_odev_ble.h" />
<Unit filename="apps/earphone/wireless_mic/odev/odev_bt/include/adapter_odev_bt.h" />
<Unit filename="apps/earphone/wireless_mic/odev/odev_bt/include/adapter_odev_edr.h" />
<Unit filename="apps/earphone/wireless_mic/odev/odev_bt/odev_ble/adapter_odev_ble.c"><Option compilerVer="CC"/></Unit>
<Unit filename="apps/earphone/wireless_mic/odev/odev_bt/odev_ble/odev_ble_wireless.c"><Option compilerVer="CC"/></Unit>
<Unit filename="apps/earphone/wireless_mic/odev/odev_bt/odev_edr/adapter_odev_edr.c"><Option compilerVer="CC"/></Unit>
<Unit filename="apps/earphone/wireless_mic/odev/odev_dac/adapter_odev_dac.c"><Option compilerVer="CC"/></Unit>
<Unit filename="apps/earphone/wireless_mic/odev/odev_dac/adapter_odev_dac.h" />
<Unit filename="apps/earphone/wireless_mic/process/adapter_process.c"><Option compilerVer="CC"/></Unit>
<Unit filename="apps/earphone/wireless_mic/process/adapter_process.h" />
<Unit filename="cpu/br28/adc_api.c"><Option compilerVer="CC"/></Unit>
<Unit filename="cpu/br28/aec_tool.c"><Option compilerVer="CC"/></Unit>
<Unit filename="cpu/br28/app_audio.c"><Option compilerVer="CC"/></Unit>
<Unit filename="cpu/br28/audio_anc.c"><Option compilerVer="CC"/></Unit>
<Unit filename="cpu/br28/audio_anc.h" />
<Unit filename="cpu/br28/audio_anc_coeff.h" />
<Unit filename="cpu/br28/audio_capture.c"><Option compilerVer="CC"/></Unit>
<Unit filename="cpu/br28/audio_capture.h" />
<Unit filename="cpu/br28/audio_codec_clock.c"><Option compilerVer="CC"/></Unit>
<Unit filename="cpu/br28/audio_codec_clock.h" />
<Unit filename="cpu/br28/audio_common/audio_mic_codec.c"><Option compilerVer="CC"/></Unit>
<Unit filename="cpu/br28/audio_config.h" />
<Unit filename="cpu/br28/audio_cvp_dut.c"><Option compilerVer="CC"/></Unit>
<Unit filename="cpu/br28/audio_cvp_dut.h" />
<Unit filename="cpu/br28/audio_dec.c"><Option compilerVer="CC"/></Unit>
<Unit filename="cpu/br28/audio_dec/audio_dec.h" />
<Unit filename="cpu/br28/audio_dec/audio_dec_file.c"><Option compilerVer="CC"/></Unit>
<Unit filename="cpu/br28/audio_dec/audio_dec_file.h" />
<Unit filename="cpu/br28/audio_dec/audio_dec_pc.c"><Option compilerVer="CC"/></Unit>
<Unit filename="cpu/br28/audio_dec/audio_usb_mic.c"><Option compilerVer="CC"/></Unit>
<Unit filename="cpu/br28/audio_dec_eff.c"><Option compilerVer="CC"/></Unit>
<Unit filename="cpu/br28/audio_dec_eff.h" />
<Unit filename="cpu/br28/audio_demo/audio_adc_demo.c"><Option compilerVer="CC"/></Unit>
<Unit filename="cpu/br28/audio_demo/audio_dac_demo.c"><Option compilerVer="CC"/></Unit>
<Unit filename="cpu/br28/audio_demo/audio_demo.h" />
<Unit filename="cpu/br28/audio_demo/audio_fft_demo.c"><Option compilerVer="CC"/></Unit>
<Unit filename="cpu/br28/audio_demo/audio_matrix_demo.c"><Option compilerVer="CC"/></Unit>
<Unit filename="cpu/br28/audio_enc.c"><Option compilerVer="CC"/></Unit>
<Unit filename="cpu/br28/audio_enc.h" />
<Unit filename="cpu/br28/audio_general.c"><Option compilerVer="CC"/></Unit>
<Unit filename="cpu/br28/audio_hearing/audio_hearing_aid.c"><Option compilerVer="CC"/></Unit>
<Unit filename="cpu/br28/audio_hearing/audio_hearing_aid.h" />
<Unit filename="cpu/br28/audio_hearing/audio_hearing_aid_lp.c"><Option compilerVer="CC"/></Unit>
<Unit filename="cpu/br28/audio_hearing/audio_hearing_aid_lp.h" />
<Unit filename="cpu/br28/audio_hearing/audio_sidetone.c"><Option compilerVer="CC"/></Unit>
<Unit filename="cpu/br28/audio_hearing/audio_sidetone.h" />
<Unit filename="cpu/br28/audio_link.c"><Option compilerVer="CC"/></Unit>
<Unit filename="cpu/br28/audio_link.h" />
<Unit filename="cpu/br28/audio_sync.c"><Option compilerVer="CC"/></Unit>
<Unit filename="cpu/br28/charge.c"><Option compilerVer="CC"/></Unit>
<Unit filename="cpu/br28/chargestore.c"><Option compilerVer="CC"/></Unit>
<Unit filename="cpu/br28/clock_cfg.h" />
<Unit filename="cpu/br28/clock_manager.c"><Option compilerVer="CC"/></Unit>
<Unit filename="cpu/br28/eq_config.c"><Option compilerVer="CC"/></Unit>
<Unit filename="cpu/br28/hw_fft.c"><Option compilerVer="CC"/></Unit>
<Unit filename="cpu/br28/iic_hw.c"><Option compilerVer="CC"/></Unit>
<Unit filename="cpu/br28/iic_soft.c"><Option compilerVer="CC"/></Unit>
<Unit filename="cpu/br28/irflt.c"><Option compilerVer="CC"/></Unit>
<Unit filename="cpu/br28/lp_touch_key.c"><Option compilerVer="CC"/></Unit>
<Unit filename="cpu/br28/lp_touch_key_alog.c"><Option compilerVer="CC"/></Unit>
<Unit filename="cpu/br28/lp_touch_key_tool.c"><Option compilerVer="CC"/></Unit>
<Unit filename="cpu/br28/lua_port_api.c"><Option compilerVer="CC"/></Unit>
<Unit filename="cpu/br28/mcpwm.c"><Option compilerVer="CC"/></Unit>
<Unit filename="cpu/br28/mic_dut_process.c"><Option compilerVer="CC"/></Unit>
<Unit filename="cpu/br28/mic_dut_process.h" />
<Unit filename="cpu/br28/overlay_code.c"><Option compilerVer="CC"/></Unit>
<Unit filename="cpu/br28/overlay_code.h" />
<Unit filename="cpu/br28/pdm_link.c"><Option compilerVer="CC"/></Unit>
<Unit filename="cpu/br28/plcnt.c"><Option compilerVer="CC"/></Unit>
<Unit filename="cpu/br28/power_api.c"><Option compilerVer="CC"/></Unit>
<Unit filename="cpu/br28/pwm_led.c"><Option compilerVer="CC"/></Unit>
<Unit filename="cpu/br28/rdec.c"><Option compilerVer="CC"/></Unit>
<Unit filename="cpu/br28/setup.c"><Option compilerVer="CC"/></Unit>
<Unit filename="cpu/br28/smart_voice/aispeech_asr.c"><Option compilerVer="CC"/></Unit>
<Unit filename="cpu/br28/smart_voice/aispeech_asr.h" />
<Unit filename="cpu/br28/smart_voice/jl_kws_platform.c"><Option compilerVer="CC"/></Unit>
<Unit filename="cpu/br28/smart_voice/kws_event.c"><Option compilerVer="CC"/></Unit>
<Unit filename="cpu/br28/smart_voice/kws_event.h" />
<Unit filename="cpu/br28/smart_voice/nn_vad.c"><Option compilerVer="CC"/></Unit>
<Unit filename="cpu/br28/smart_voice/nn_vad.h" />
<Unit filename="cpu/br28/smart_voice/smart_voice.h" />
<Unit filename="cpu/br28/smart_voice/smart_voice_config.c"><Option compilerVer="CC"/></Unit>
<Unit filename="cpu/br28/smart_voice/smart_voice_core.c"><Option compilerVer="CC"/></Unit>
<Unit filename="cpu/br28/smart_voice/user_asr.c"><Option compilerVer="CC"/></Unit>
<Unit filename="cpu/br28/smart_voice/user_asr.h" />
<Unit filename="cpu/br28/smart_voice/vad_clock_trim.c"><Option compilerVer="CC"/></Unit>
<Unit filename="cpu/br28/smart_voice/vad_mic.c"><Option compilerVer="CC"/></Unit>
<Unit filename="cpu/br28/smart_voice/vad_mic.h" />
<Unit filename="cpu/br28/smart_voice/voice_mic_data.c"><Option compilerVer="CC"/></Unit>
<Unit filename="cpu/br28/smart_voice/voice_mic_data.h" />
<Unit filename="cpu/br28/sound_device.c"><Option compilerVer="CC"/></Unit>
<Unit filename="cpu/br28/sound_device.h" />
<Unit filename="cpu/br28/spatial_effect/spatial_effect.c"><Option compilerVer="CC"/></Unit>
<Unit filename="cpu/br28/spatial_effect/spatial_effect_imu.c"><Option compilerVer="CC"/></Unit>
<Unit filename="cpu/br28/spatial_effect/spatial_effect_imu.h" />
<Unit filename="cpu/br28/spatial_effect/spatial_effect_test.c"><Option compilerVer="CC"/></Unit>
<Unit filename="cpu/br28/spatial_effect/spatial_effect_tws.c"><Option compilerVer="CC"/></Unit>
<Unit filename="cpu/br28/spatial_effect/spatial_effect_tws.h" />
<Unit filename="cpu/br28/spatial_effect/spatial_imu_trim.c"><Option compilerVer="CC"/></Unit>
<Unit filename="cpu/br28/spatial_effect/spatial_imu_trim.h" />
<Unit filename="cpu/br28/spi.c"><Option compilerVer="CC"/></Unit>
<Unit filename="cpu/br28/tone_player.c"><Option compilerVer="CC"/></Unit>
<Unit filename="cpu/br28/tone_player_api.h" />
<Unit filename="cpu/br28/tws_audio.c"><Option compilerVer="CC"/></Unit>
<Unit filename="cpu/br28/uart_dev.c"><Option compilerVer="CC"/></Unit>
<Unit filename="cpu/br28/umidigi_chargestore.c"><Option compilerVer="CC"/></Unit>
<Unit filename="include_lib/btctrler/ble/hci_ll.h" />
<Unit filename="include_lib/btctrler/ble/ll_config.h" />
<Unit filename="include_lib/btctrler/btcontroller_mode.h" />
<Unit filename="include_lib/btctrler/btcontroller_modules.h" />
<Unit filename="include_lib/btctrler/btctrler_task.h" />
<Unit filename="include_lib/btctrler/classic/hci_lmp.h" />
<Unit filename="include_lib/btctrler/classic/lmp_config.h" />
<Unit filename="include_lib/btctrler/classic/tws_api.h" />
<Unit filename="include_lib/btctrler/classic/tws_data_trans.h" />
<Unit filename="include_lib/btctrler/classic/tws_event.h" />
<Unit filename="include_lib/btctrler/classic/tws_local_media_sync.h" />
<Unit filename="include_lib/btctrler/hci_transport.h" />
<Unit filename="include_lib/btctrler/port/br28/btcontroller_config.h" />
<Unit filename="include_lib/btstack/a2dp_media_codec.h" />
<Unit filename="include_lib/btstack/avctp_user.h" />
<Unit filename="include_lib/btstack/bluetooth.h" />
<Unit filename="include_lib/btstack/bt_profile_config.h" />
<Unit filename="include_lib/btstack/btstack_error.h" />
<Unit filename="include_lib/btstack/btstack_event.h" />
<Unit filename="include_lib/btstack/btstack_task.h" />
<Unit filename="include_lib/btstack/btstack_typedef.h" />
<Unit filename="include_lib/btstack/frame_queque.h" />
<Unit filename="include_lib/btstack/le/att.h" />
<Unit filename="include_lib/btstack/le/ble_api.h" />
<Unit filename="include_lib/btstack/le/ble_data_types.h" />
<Unit filename="include_lib/btstack/le/gatt.h" />
<Unit filename="include_lib/btstack/le/le_common_define.h" />
<Unit filename="include_lib/btstack/le/le_user.h" />
<Unit filename="include_lib/btstack/le/sm.h" />
<Unit filename="include_lib/btstack/third_party/app_protocol_event.h" />
<Unit filename="include_lib/btstack/third_party/app_protocol_libs_api.h" />
<Unit filename="include_lib/btstack/third_party/common/ble_user.h" />
<Unit filename="include_lib/btstack/third_party/common/spp_user.h" />
<Unit filename="include_lib/btstack/third_party/rcsp/JL_rcsp_api.h" />
<Unit filename="include_lib/btstack/third_party/rcsp/JL_rcsp_packet.h" />
<Unit filename="include_lib/btstack/third_party/rcsp/JL_rcsp_protocol.h" />
<Unit filename="include_lib/btstack/third_party/rcsp/attr.h" />
<Unit filename="include_lib/driver/cpu/br28/asm/adc_api.h" />
<Unit filename="include_lib/driver/cpu/br28/asm/br28.h" />
<Unit filename="include_lib/driver/cpu/br28/asm/cache.h" />
<Unit filename="include_lib/driver/cpu/br28/asm/charge.h" />
<Unit filename="include_lib/driver/cpu/br28/asm/chargestore.h" />
<Unit filename="include_lib/driver/cpu/br28/asm/clock.h" />
<Unit filename="include_lib/driver/cpu/br28/asm/clock_define.h" />
<Unit filename="include_lib/driver/cpu/br28/asm/clock_hw.h" />
<Unit filename="include_lib/driver/cpu/br28/asm/cpu.h" />
<Unit filename="include_lib/driver/cpu/br28/asm/crc16.h" />
<Unit filename="include_lib/driver/cpu/br28/asm/csfr.h" />
<Unit filename="include_lib/driver/cpu/br28/asm/debug.h" />
<Unit filename="include_lib/driver/cpu/br28/asm/efuse.h" />
<Unit filename="include_lib/driver/cpu/br28/asm/gpio.h" />
<Unit filename="include_lib/driver/cpu/br28/asm/hwi.h" />
<Unit filename="include_lib/driver/cpu/br28/asm/iic_hw.h" />
<Unit filename="include_lib/driver/cpu/br28/asm/iic_soft.h" />
<Unit filename="include_lib/driver/cpu/br28/asm/iis.h" />
<Unit filename="include_lib/driver/cpu/br28/asm/includes.h" />
<Unit filename="include_lib/driver/cpu/br28/asm/io_imap.h" />
<Unit filename="include_lib/driver/cpu/br28/asm/io_omap.h" />
<Unit filename="include_lib/driver/cpu/br28/asm/irflt.h" />
<Unit filename="include_lib/driver/cpu/br28/asm/irq.h" />
<Unit filename="include_lib/driver/cpu/br28/asm/lp_touch_key_alog.h" />
<Unit filename="include_lib/driver/cpu/br28/asm/lp_touch_key_api.h" />
<Unit filename="include_lib/driver/cpu/br28/asm/lp_touch_key_hw.h" />
<Unit filename="include_lib/driver/cpu/br28/asm/lp_touch_key_tool.h" />
<Unit filename="include_lib/driver/cpu/br28/asm/mcpwm.h" />
<Unit filename="include_lib/driver/cpu/br28/asm/plcnt.h" />
<Unit filename="include_lib/driver/cpu/br28/asm/power/lp_wakeup.h" />
<Unit filename="include_lib/driver/cpu/br28/asm/power/p11.h" />
<Unit filename="include_lib/driver/cpu/br28/asm/power/p11_app.h" />
<Unit filename="include_lib/driver/cpu/br28/asm/power/p11_csfr.h" />
<Unit filename="include_lib/driver/cpu/br28/asm/power/p11_io_imap.h" />
<Unit filename="include_lib/driver/cpu/br28/asm/power/p11_io_omap.h" />
<Unit filename="include_lib/driver/cpu/br28/asm/power/p11_sfr.h" />
<Unit filename="include_lib/driver/cpu/br28/asm/power/p33.h" />
<Unit filename="include_lib/driver/cpu/br28/asm/power/p33_app.h" />
<Unit filename="include_lib/driver/cpu/br28/asm/power/power_api.h" />
<Unit filename="include_lib/driver/cpu/br28/asm/power/power_port.h" />
<Unit filename="include_lib/driver/cpu/br28/asm/power/power_reset.h" />
<Unit filename="include_lib/driver/cpu/br28/asm/power_interface.h" />
<Unit filename="include_lib/driver/cpu/br28/asm/pwm_led.h" />
<Unit filename="include_lib/driver/cpu/br28/asm/rdec.h" />
<Unit filename="include_lib/driver/cpu/br28/asm/rtc.h" />
<Unit filename="include_lib/driver/cpu/br28/asm/sdmmc.h" />
<Unit filename="include_lib/driver/cpu/br28/asm/sfc_norflash_api.h" />
<Unit filename="include_lib/driver/cpu/br28/asm/sfc_spi.h" />
<Unit filename="include_lib/driver/cpu/br28/asm/spi.h" />
<Unit filename="include_lib/driver/cpu/br28/asm/spiflash.h" />
<Unit filename="include_lib/driver/cpu/br28/asm/timer.h" />
<Unit filename="include_lib/driver/cpu/br28/asm/uart.h" />
<Unit filename="include_lib/driver/cpu/br28/asm/uart_dev.h" />
<Unit filename="include_lib/driver/cpu/br28/asm/umidigi_chargestore.h" />
<Unit filename="include_lib/driver/cpu/br28/asm/usb.h" />
<Unit filename="include_lib/driver/cpu/br28/asm/wdt.h" />
<Unit filename="include_lib/driver/device/sdio_host_init.h" />
<Unit filename="include_lib/driver/device/sdmmc.h" />
<Unit filename="include_lib/driver/device/spiflash.h" />
<Unit filename="include_lib/driver/device/uart.h" />
<Unit filename="include_lib/driver/device/usb/ch9.h" />
<Unit filename="include_lib/driver/device/usb/device/descriptor.h" />
<Unit filename="include_lib/driver/device/usb/device/hid.h" />
<Unit filename="include_lib/driver/device/usb/device/msd.h" />
<Unit filename="include_lib/driver/device/usb/device/uac_audio.h" />
<Unit filename="include_lib/driver/device/usb/device/usb_stack.h" />
<Unit filename="include_lib/driver/device/usb/host/usb_host.h" />
<Unit filename="include_lib/driver/device/usb/otg.h" />
<Unit filename="include_lib/driver/device/usb/scsi.h" />
<Unit filename="include_lib/driver/device/usb/usb_phy.h" />
<Unit filename="include_lib/media/VirtualBass_api.h" />
<Unit filename="include_lib/media/aispeech/asr/include/vad_asr_demo.h" />
<Unit filename="include_lib/media/audio_def.h" />
<Unit filename="include_lib/media/audio_gain_process.h" />
<Unit filename="include_lib/media/audio_llns.h" />
<Unit filename="include_lib/media/audio_stream.h" />
<Unit filename="include_lib/media/audio_surround.h" />
<Unit filename="include_lib/media/audio_vbass.h" />
<Unit filename="include_lib/media/bt_audio_timestamp.h" />
<Unit filename="include_lib/media/eq_config.h" />
<Unit filename="include_lib/media/eq_func_define.h" />
<Unit filename="include_lib/media/howling_api.h" />
<Unit filename="include_lib/media/howling_pitchshifter_api.h" />
<Unit filename="include_lib/media/jl_kws.h" />
<Unit filename="include_lib/media/kws_event.h" />
<Unit filename="include_lib/media/media_new/media/PLC.h" />
<Unit filename="include_lib/media/media_new/media/Resample_api.h" />
<Unit filename="include_lib/media/media_new/media/anc_btspp.h" />
<Unit filename="include_lib/media/media_new/media/anc_uart.h" />
<Unit filename="include_lib/media/media_new/media/application/audio_dec_app.h" />
<Unit filename="include_lib/media/media_new/media/application/audio_drc.h" />
<Unit filename="include_lib/media/media_new/media/application/audio_energy_detect.h" />
<Unit filename="include_lib/media/media_new/media/application/audio_eq.h" />
<Unit filename="include_lib/media/media_new/media/application/audio_pitch.h" />
<Unit filename="include_lib/media/media_new/media/application/audio_surround.h" />
<Unit filename="include_lib/media/media_new/media/application/audio_vbass.h" />
<Unit filename="include_lib/media/media_new/media/application/eq_config.h" />
<Unit filename="include_lib/media/media_new/media/application/eq_func_define.h" />
<Unit filename="include_lib/media/media_new/media/audio_base.h" />
<Unit filename="include_lib/media/media_new/media/audio_cfifo.h" />
<Unit filename="include_lib/media/media_new/media/audio_decoder.h" />
<Unit filename="include_lib/media/media_new/media/audio_encoder.h" />
<Unit filename="include_lib/media/media_new/media/audio_resample.h" />
<Unit filename="include_lib/media/media_new/media/audio_splicing.h" />
<Unit filename="include_lib/media/media_new/media/audio_syncts.h" />
<Unit filename="include_lib/media/media_new/media/audio_track.h" />
<Unit filename="include_lib/media/media_new/media/automute.h" />
<Unit filename="include_lib/media/media_new/media/cpu/br28/asm/anc.h" />
<Unit filename="include_lib/media/media_new/media/cpu/br28/asm/audio_adc.h" />
<Unit filename="include_lib/media/media_new/media/cpu/br28/asm/audio_linein.h" />
<Unit filename="include_lib/media/media_new/media/cpu/br28/asm/audio_src.h" />
<Unit filename="include_lib/media/media_new/media/cpu/br28/asm/audio_src_base.h" />
<Unit filename="include_lib/media/media_new/media/cpu/br28/asm/audio_sub_system.h" />
<Unit filename="include_lib/media/media_new/media/cpu/br28/asm/cpu_includes.h" />
<Unit filename="include_lib/media/media_new/media/cpu/br28/asm/dac.h" />
<Unit filename="include_lib/media/media_new/media/cpu/br28/asm/hw_eq.h" />
<Unit filename="include_lib/media/media_new/media/cpu/br28/asm/pdm_link.h" />
<Unit filename="include_lib/media/media_new/media/cpu/br28/audio_output_dac.h" />
<Unit filename="include_lib/media/media_new/media/cpu/br28/commproc.h" />
<Unit filename="include_lib/media/media_new/media/cpu/br28/commproc_ns.h" />
<Unit filename="include_lib/media/media_new/media/drc_api.h" />
<Unit filename="include_lib/media/media_new/media/effectrs_sync.h" />
<Unit filename="include_lib/media/media_new/media/file_decoder.h" />
<Unit filename="include_lib/media/media_new/media/hw_fft.h" />
<Unit filename="include_lib/media/media_new/media/includes.h" />
<Unit filename="include_lib/media/media_new/media/limiter_noiseGate_api.h" />
<Unit filename="include_lib/media/media_new/media/mixer.h" />
<Unit filename="include_lib/media/media_new/media/pitchshifter/pitchshifter_api.h" />
<Unit filename="include_lib/media/media_new/media/sbc_enc.h" />
<Unit filename="include_lib/media/media_new/media/surround/effect_sur_api.h" />
<Unit filename="include_lib/media/media_new/media/sw_drc.h" />
<Unit filename="include_lib/media/pemafrow_api.h" />
<Unit filename="include_lib/media/sound/pcm.h" />
<Unit filename="include_lib/media/sound/sound.h" />
<Unit filename="include_lib/media/tech_lib/LFaudio_plc_api.h" />
<Unit filename="include_lib/media/tech_lib/SensorCalib_api.h" />
<Unit filename="include_lib/media/tech_lib/SpatialAudio_api.h" />
<Unit filename="include_lib/media/tech_lib/jlsp_vad.h" />
<Unit filename="include_lib/system/app_core.h" />
<Unit filename="include_lib/system/app_msg.h" />
<Unit filename="include_lib/system/bank_switch.h" />
<Unit filename="include_lib/system/boot.h" />
<Unit filename="include_lib/system/config/config_interface.h" />
<Unit filename="include_lib/system/config/config_target.h" />
<Unit filename="include_lib/system/config/config_transport.h" />
<Unit filename="include_lib/system/database.h" />
<Unit filename="include_lib/system/debug.h" />
<Unit filename="include_lib/system/device/adkey.h" />
<Unit filename="include_lib/system/device/device.h" />
<Unit filename="include_lib/system/device/device_drive.h" />
<Unit filename="include_lib/system/device/includes.h" />
<Unit filename="include_lib/system/device/ioctl_cmds.h" />
<Unit filename="include_lib/system/device/iokey.h" />
<Unit filename="include_lib/system/device/irkey.h" />
<Unit filename="include_lib/system/device/key_driver.h" />
<Unit filename="include_lib/system/device/rdec_key.h" />
<Unit filename="include_lib/system/device/slidekey.h" />
<Unit filename="include_lib/system/device/tent600_key.h" />
<Unit filename="include_lib/system/device/touch_key.h" />
<Unit filename="include_lib/system/device/vm.h" />
<Unit filename="include_lib/system/event.h" />
<Unit filename="include_lib/system/fs/fs.h" />
<Unit filename="include_lib/system/fs/fs_file_name.h" />
<Unit filename="include_lib/system/fs/sdfile.h" />
<Unit filename="include_lib/system/fs/virfat_flash.h" />
<Unit filename="include_lib/system/generic/ascii.h" />
<Unit filename="include_lib/system/generic/atomic.h" />
<Unit filename="include_lib/system/generic/circular_buf.h" />
<Unit filename="include_lib/system/generic/cpu.h" />
<Unit filename="include_lib/system/generic/debug_lite.h" />
<Unit filename="include_lib/system/generic/errno-base.h" />
<Unit filename="include_lib/system/generic/gpio.h" />
<Unit filename="include_lib/system/generic/includes.h" />
<Unit filename="include_lib/system/generic/index.h" />
<Unit filename="include_lib/system/generic/ioctl.h" />
<Unit filename="include_lib/system/generic/irq.h" />
<Unit filename="include_lib/system/generic/jiffies.h" />
<Unit filename="include_lib/system/generic/lbuf.h" />
<Unit filename="include_lib/system/generic/lbuf_lite.h" />
<Unit filename="include_lib/system/generic/list.h" />
<Unit filename="include_lib/system/generic/log.h" />
<Unit filename="include_lib/system/generic/printf.h" />
<Unit filename="include_lib/system/generic/rect.h" />
<Unit filename="include_lib/system/generic/typedef.h" />
<Unit filename="include_lib/system/generic/version.h" />
<Unit filename="include_lib/system/includes.h" />
<Unit filename="include_lib/system/init.h" />
<Unit filename="include_lib/system/malloc.h" />
<Unit filename="include_lib/system/math/cpu/br28/asm/MatrixInteFunc.h" />
<Unit filename="include_lib/system/math/cpu/br28/asm/math_fast_function.h" />
<Unit filename="include_lib/system/os/os_api.h" />
<Unit filename="include_lib/system/os/os_cfg.h" />
<Unit filename="include_lib/system/os/os_cpu.h" />
<Unit filename="include_lib/system/os/os_error.h" />
<Unit filename="include_lib/system/os/os_type.h" />
<Unit filename="include_lib/system/os/ucos_ii.h" />
<Unit filename="include_lib/system/power_manage.h" />
<Unit filename="include_lib/system/server/server_core.h" />
<Unit filename="include_lib/system/spinlock.h" />
<Unit filename="include_lib/system/sys_time.h" />
<Unit filename="include_lib/system/syscfg_id.h" />
<Unit filename="include_lib/system/task.h" />
<Unit filename="include_lib/system/timer.h" />
<Unit filename="include_lib/system/ui/font/font_all.h" />
<Unit filename="include_lib/system/ui/font/font_sdfs.h" />
<Unit filename="include_lib/system/ui/font/font_textout.h" />
<Unit filename="include_lib/system/ui/font/language_list.h" />
<Unit filename="include_lib/system/ui/res/resfile.h" />
<Unit filename="include_lib/system/ui/ui/control.h" />
<Unit filename="include_lib/system/ui/ui/layer.h" />
<Unit filename="include_lib/system/ui/ui/layout.h" />
<Unit filename="include_lib/system/ui/ui/p.h" />
<Unit filename="include_lib/system/ui/ui/ui.h" />
<Unit filename="include_lib/system/ui/ui/ui_battery.h" />
<Unit filename="include_lib/system/ui/ui/ui_browser.h" />
<Unit filename="include_lib/system/ui/ui/ui_button.h" />
<Unit filename="include_lib/system/ui/ui/ui_camera.h" />
<Unit filename="include_lib/system/ui/ui/ui_core.h" />
<Unit filename="include_lib/system/ui/ui/ui_grid.h" />
<Unit filename="include_lib/system/ui/ui/ui_number.h" />
<Unit filename="include_lib/system/ui/ui/ui_pic.h" />
<Unit filename="include_lib/system/ui/ui/ui_progress.h" />
<Unit filename="include_lib/system/ui/ui/ui_progress_multi.h" />
<Unit filename="include_lib/system/ui/ui/ui_rotate.h" />
<Unit filename="include_lib/system/ui/ui/ui_slider.h" />
<Unit filename="include_lib/system/ui/ui/ui_slider_vert.h" />
<Unit filename="include_lib/system/ui/ui/ui_text.h" />
<Unit filename="include_lib/system/ui/ui/ui_time.h" />
<Unit filename="include_lib/system/ui/ui/ui_watch.h" />
<Unit filename="include_lib/system/ui/ui/window.h" />
<Unit filename="include_lib/system/ui/ui_simple/ui_res.h" />
<Unit filename="include_lib/system/user_cfg.h" />
<Unit filename="include_lib/system/wait.h" />
<Unit filename="include_lib/update/dual_bank_updata_api.h" />
<Unit filename="include_lib/update/uart_update.h" />
<Unit filename="include_lib/update/update.h" />
<Unit filename="include_lib/update/update_loader_download.h" />
</Project>
</CodeBlocks_project_file>
